# This file is autogenerated, do not edit; changes may be undone by the next 'dep ensure'.


[[projects]]
  name = "github.com/CityOfZion/neo-go"
  packages = ["pkg/crypto","pkg/util"]
  revision = "311313f2ffd8a4c10bbcac19d845baaf7ea70a3f"
  version = "0.44.6"

[[projects]]
  branch = "master"
  name = "golang.org/x/crypto"
  packages = ["ripemd160"]
  revision = "c126467f60eb25f8f27e5a981f32a87e3965053f"

[solve-meta]
  analyzer-name = "dep"
  analyzer-version = 1
  inputs-digest = "e8ce0d97612b2dfe983f2c9b1297f07ee3a0c9e7aa306ba8d7710ed6fd493250"
  solver-name = "gps-cdcl"
  solver-version = 1
